// !$*UTF8*$!
{
	archiveVersion = 1;
	classes = {
	};
	objectVersion = 54;
	objects = {

/* Begin PBXBuildFile section */
		1498D2341E8E89220040F4C2 /* GeneratedPluginRegistrant.m in Sources */ = {isa = PBXBuildFile; fileRef = 1498D2331E8E89220040F4C2 /* GeneratedPluginRegistrant.m */; };
		2213E26BF7659C22F4622110 /* Pods_RunnerTests.framework in Frameworks */ = {isa = PBXBuildFile; fileRef = 8D4F706D05C13D16E1504C72 /* Pods_RunnerTests.framework */; };
		3100E7612B736D6B00CC9BB5 /* FLTPerfectLibHandler.swift in Sources */ = {isa = PBXBuildFile; fileRef = 3100E7602B736D6B00CC9BB5 /* FLTPerfectLibHandler.swift */; };
		317981362B6CEDBE0087BB6E /* PerfectLibFaceTrackingPlus.xcframework in Frameworks */ = {isa = PBXBuildFile; fileRef = 317981312B6CEDBE0087BB6E /* PerfectLibFaceTrackingPlus.xcframework */; };
		3179814A2B6CEECC0087BB6E /* FLTSkinCarePlugin.swift in Sources */ = {isa = PBXBuildFile; fileRef = 317981452B6CEECC0087BB6E /* FLTSkinCarePlugin.swift */; };
		3179814C2B6CEECC0087BB6E /* FLTSkincareCamView.swift in Sources */ = {isa = PBXBuildFile; fileRef = 317981472B6CEECC0087BB6E /* FLTSkincareCamView.swift */; };
		3179814E2B6CEECC0087BB6E /* SynchronousTool.swift in Sources */ = {isa = PBXBuildFile; fileRef = 317981492B6CEECC0087BB6E /* SynchronousTool.swift */; };
		331C808B294A63AB00263BE5 /* RunnerTests.swift in Sources */ = {isa = PBXBuildFile; fileRef = 331C807B294A618700263BE5 /* RunnerTests.swift */; };
		3B3967161E833CAA004F5970 /* AppFrameworkInfo.plist in Resources */ = {isa = PBXBuildFile; fileRef = 3B3967151E833CAA004F5970 /* AppFrameworkInfo.plist */; };
		74858FAF1ED2DC5600515810 /* AppDelegate.swift in Sources */ = {isa = PBXBuildFile; fileRef = 74858FAE1ED2DC5600515810 /* AppDelegate.swift */; };
		809677082D088F7F00AD897B /* PerfectLibHandlerCore.xcframework in Frameworks */ = {isa = PBXBuildFile; fileRef = 809677022D088F7C00AD897B /* PerfectLibHandlerCore.xcframework */; };
		809677092D088F7F00AD897B /* PerfectLibCore.xcframework in Frameworks */ = {isa = PBXBuildFile; fileRef = 809677032D088F7D00AD897B /* PerfectLibCore.xcframework */; };
		8096770A2D088F7F00AD897B /* PerfectLibRecommendationHandler.xcframework in Frameworks */ = {isa = PBXBuildFile; fileRef = 809677042D088F7E00AD897B /* PerfectLibRecommendationHandler.xcframework */; };
		8096770B2D088F7F00AD897B /* PerfectLibSkinCarePlus.xcframework in Frameworks */ = {isa = PBXBuildFile; fileRef = 809677052D088F7E00AD897B /* PerfectLibSkinCarePlus.xcframework */; };
		8096770D2D088F7F00AD897B /* CoreMotion.framework in Frameworks */ = {isa = PBXBuildFile; fileRef = 809677072D088F7F00AD897B /* CoreMotion.framework */; };
		8096772C2D088F9400AD897B /* acne_20210507_blackhead.mnn in Resources */ = {isa = PBXBuildFile; fileRef = 8096770E2D088F9400AD897B /* acne_20210507_blackhead.mnn */; };
		8096772D2D088F9400AD897B /* acne_20210507_blackhead.mnn in Resources */ = {isa = PBXBuildFile; fileRef = 8096770E2D088F9400AD897B /* acne_20210507_blackhead.mnn */; };
		8096772E2D088F9400AD897B /* acne_20210507_inflammatory.mnn in Resources */ = {isa = PBXBuildFile; fileRef = 8096770F2D088F9400AD897B /* acne_20210507_inflammatory.mnn */; };
		8096772F2D088F9400AD897B /* acne_20210507_inflammatory.mnn in Resources */ = {isa = PBXBuildFile; fileRef = 8096770F2D088F9400AD897B /* acne_20210507_inflammatory.mnn */; };
		809677302D088F9400AD897B /* acne_20210507_whitehead.mnn in Resources */ = {isa = PBXBuildFile; fileRef = 809677102D088F9400AD897B /* acne_20210507_whitehead.mnn */; };
		809677312D088F9400AD897B /* acne_20210507_whitehead.mnn in Resources */ = {isa = PBXBuildFile; fileRef = 809677102D088F9400AD897B /* acne_20210507_whitehead.mnn */; };
		809677322D088F9400AD897B /* acne_exclude_hair_20210803.mnn in Resources */ = {isa = PBXBuildFile; fileRef = 809677112D088F9400AD897B /* acne_exclude_hair_20210803.mnn */; };
		809677332D088F9400AD897B /* acne_exclude_hair_20210803.mnn in Resources */ = {isa = PBXBuildFile; fileRef = 809677112D088F9400AD897B /* acne_exclude_hair_20210803.mnn */; };
		809677342D088F9400AD897B /* backlighting_net_20190808.bin in Resources */ = {isa = PBXBuildFile; fileRef = 809677122D088F9400AD897B /* backlighting_net_20190808.bin */; };
		809677352D088F9400AD897B /* backlighting_net_20190808.bin in Resources */ = {isa = PBXBuildFile; fileRef = 809677122D088F9400AD897B /* backlighting_net_20190808.bin */; };
		809677362D088F9400AD897B /* exposure_net_20190808.bin in Resources */ = {isa = PBXBuildFile; fileRef = 809677132D088F9400AD897B /* exposure_net_20190808.bin */; };
		809677372D088F9400AD897B /* exposure_net_20190808.bin in Resources */ = {isa = PBXBuildFile; fileRef = 809677132D088F9400AD897B /* exposure_net_20190808.bin */; };
		809677382D088F9400AD897B /* faceart_20240812.model in Resources */ = {isa = PBXBuildFile; fileRef = 809677142D088F9400AD897B /* faceart_20240812.model */; };
		809677392D088F9400AD897B /* faceart_20240812.model in Resources */ = {isa = PBXBuildFile; fileRef = 809677142D088F9400AD897B /* faceart_20240812.model */; };
		8096773A2D088F9400AD897B /* pose_20180530.mtnet in Resources */ = {isa = PBXBuildFile; fileRef = 809677152D088F9400AD897B /* pose_20180530.mtnet */; };
		8096773B2D088F9400AD897B /* pose_20180530.mtnet in Resources */ = {isa = PBXBuildFile; fileRef = 809677152D088F9400AD897B /* pose_20180530.mtnet */; };
		8096773C2D088F9400AD897B /* skin_age_model_20221209.mnn in Resources */ = {isa = PBXBuildFile; fileRef = 809677162D088F9400AD897B /* skin_age_model_20221209.mnn */; };
		8096773D2D088F9400AD897B /* skin_age_model_20221209.mnn in Resources */ = {isa = PBXBuildFile; fileRef = 809677162D088F9400AD897B /* skin_age_model_20221209.mnn */; };
		8096773E2D088F9400AD897B /* skin_age_spot_model_20200529.mnn in Resources */ = {isa = PBXBuildFile; fileRef = 809677172D088F9400AD897B /* skin_age_spot_model_20200529.mnn */; };
		8096773F2D088F9400AD897B /* skin_age_spot_model_20200529.mnn in Resources */ = {isa = PBXBuildFile; fileRef = 809677172D088F9400AD897B /* skin_age_spot_model_20200529.mnn */; };
		809677402D088F9400AD897B /* skin_dark_circle_model_20200308.mnn in Resources */ = {isa = PBXBuildFile; fileRef = 809677182D088F9400AD897B /* skin_dark_circle_model_20200308.mnn */; };
		809677412D088F9400AD897B /* skin_dark_circle_model_20200308.mnn in Resources */ = {isa = PBXBuildFile; fileRef = 809677182D088F9400AD897B /* skin_dark_circle_model_20200308.mnn */; };
		809677422D088F9400AD897B /* skin_dark_circle_v2_model_20210115.mnn in Resources */ = {isa = PBXBuildFile; fileRef = 809677192D088F9400AD897B /* skin_dark_circle_v2_model_20210115.mnn */; };
		809677432D088F9400AD897B /* skin_dark_circle_v2_model_20210115.mnn in Resources */ = {isa = PBXBuildFile; fileRef = 809677192D088F9400AD897B /* skin_dark_circle_v2_model_20210115.mnn */; };
		809677442D088F9400AD897B /* skin_eye_bag_model_20200617.mnn in Resources */ = {isa = PBXBuildFile; fileRef = 8096771A2D088F9400AD897B /* skin_eye_bag_model_20200617.mnn */; };
		809677452D088F9400AD897B /* skin_eye_bag_model_20200617.mnn in Resources */ = {isa = PBXBuildFile; fileRef = 8096771A2D088F9400AD897B /* skin_eye_bag_model_20200617.mnn */; };
		809677462D088F9400AD897B /* skin_map_model_20200506.mnn in Resources */ = {isa = PBXBuildFile; fileRef = 8096771B2D088F9400AD897B /* skin_map_model_20200506.mnn */; };
		809677472D088F9400AD897B /* skin_map_model_20200506.mnn in Resources */ = {isa = PBXBuildFile; fileRef = 8096771B2D088F9400AD897B /* skin_map_model_20200506.mnn */; };
		809677482D088F9400AD897B /* skin_moisture_model_20200603.mnn in Resources */ = {isa = PBXBuildFile; fileRef = 8096771C2D088F9400AD897B /* skin_moisture_model_20200603.mnn */; };
		809677492D088F9400AD897B /* skin_moisture_model_20200603.mnn in Resources */ = {isa = PBXBuildFile; fileRef = 8096771C2D088F9400AD897B /* skin_moisture_model_20200603.mnn */; };
		8096774A2D088F9400AD897B /* skin_oiliness_model_20200616.mnn in Resources */ = {isa = PBXBuildFile; fileRef = 8096771D2D088F9400AD897B /* skin_oiliness_model_20200616.mnn */; };
		8096774B2D088F9400AD897B /* skin_oiliness_model_20200616.mnn in Resources */ = {isa = PBXBuildFile; fileRef = 8096771D2D088F9400AD897B /* skin_oiliness_model_20200616.mnn */; };
		8096774C2D088F9400AD897B /* skin_pore_model_20230410.mnn in Resources */ = {isa = PBXBuildFile; fileRef = 8096771E2D088F9400AD897B /* skin_pore_model_20230410.mnn */; };
		8096774D2D088F9400AD897B /* skin_pore_model_20230410.mnn in Resources */ = {isa = PBXBuildFile; fileRef = 8096771E2D088F9400AD897B /* skin_pore_model_20230410.mnn */; };
		8096774E2D088F9400AD897B /* skin_radiance_model_20210504.mnn in Resources */ = {isa = PBXBuildFile; fileRef = 8096771F2D088F9400AD897B /* skin_radiance_model_20210504.mnn */; };
		8096774F2D088F9400AD897B /* skin_radiance_model_20210504.mnn in Resources */ = {isa = PBXBuildFile; fileRef = 8096771F2D088F9400AD897B /* skin_radiance_model_20210504.mnn */; };
		809677502D088F9400AD897B /* skin_redness_model_20210129.mnn in Resources */ = {isa = PBXBuildFile; fileRef = 809677202D088F9400AD897B /* skin_redness_model_20210129.mnn */; };
		809677512D088F9400AD897B /* skin_redness_model_20210129.mnn in Resources */ = {isa = PBXBuildFile; fileRef = 809677202D088F9400AD897B /* skin_redness_model_20210129.mnn */; };
		809677522D088F9400AD897B /* skin_sag_contour_model_20200909.mnn in Resources */ = {isa = PBXBuildFile; fileRef = 809677212D088F9400AD897B /* skin_sag_contour_model_20200909.mnn */; };
		809677532D088F9400AD897B /* skin_sag_contour_model_20200909.mnn in Resources */ = {isa = PBXBuildFile; fileRef = 809677212D088F9400AD897B /* skin_sag_contour_model_20200909.mnn */; };
		809677542D088F9400AD897B /* skin_sag_eye_model_20200909.mnn in Resources */ = {isa = PBXBuildFile; fileRef = 809677222D088F9400AD897B /* skin_sag_eye_model_20200909.mnn */; };
		809677552D088F9400AD897B /* skin_sag_eye_model_20200909.mnn in Resources */ = {isa = PBXBuildFile; fileRef = 809677222D088F9400AD897B /* skin_sag_eye_model_20200909.mnn */; };
		809677562D088F9400AD897B /* skin_spot_model_20200518.mnn in Resources */ = {isa = PBXBuildFile; fileRef = 809677232D088F9400AD897B /* skin_spot_model_20200518.mnn */; };
		809677572D088F9400AD897B /* skin_spot_model_20200518.mnn in Resources */ = {isa = PBXBuildFile; fileRef = 809677232D088F9400AD897B /* skin_spot_model_20200518.mnn */; };
		809677582D088F9400AD897B /* skin_texture_model_20200122.mnn in Resources */ = {isa = PBXBuildFile; fileRef = 809677242D088F9400AD897B /* skin_texture_model_20200122.mnn */; };
		809677592D088F9400AD897B /* skin_texture_model_20200122.mnn in Resources */ = {isa = PBXBuildFile; fileRef = 809677242D088F9400AD897B /* skin_texture_model_20200122.mnn */; };
		8096775A2D088F9400AD897B /* skin_texture_stream_model_20200515.mnn in Resources */ = {isa = PBXBuildFile; fileRef = 809677252D088F9400AD897B /* skin_texture_stream_model_20200515.mnn */; };
		8096775B2D088F9400AD897B /* skin_texture_stream_model_20200515.mnn in Resources */ = {isa = PBXBuildFile; fileRef = 809677252D088F9400AD897B /* skin_texture_stream_model_20200515.mnn */; };
		8096775C2D088F9400AD897B /* skin_wrinkle_model_20210322.mnn in Resources */ = {isa = PBXBuildFile; fileRef = 809677262D088F9400AD897B /* skin_wrinkle_model_20210322.mnn */; };
		8096775D2D088F9400AD897B /* skin_wrinkle_model_20210322.mnn in Resources */ = {isa = PBXBuildFile; fileRef = 809677262D088F9400AD897B /* skin_wrinkle_model_20210322.mnn */; };
		8096775E2D088F9400AD897B /* skin_wrinkle_removal_model_20210427.mnn in Resources */ = {isa = PBXBuildFile; fileRef = 809677272D088F9400AD897B /* skin_wrinkle_removal_model_20210427.mnn */; };
		8096775F2D088F9400AD897B /* skin_wrinkle_removal_model_20210427.mnn in Resources */ = {isa = PBXBuildFile; fileRef = 809677272D088F9400AD897B /* skin_wrinkle_removal_model_20210427.mnn */; };
		809677602D088F9400AD897B /* uneven_lighting_net_20190808.bin in Resources */ = {isa = PBXBuildFile; fileRef = 809677282D088F9400AD897B /* uneven_lighting_net_20190808.bin */; };
		809677612D088F9400AD897B /* uneven_lighting_net_20190808.bin in Resources */ = {isa = PBXBuildFile; fileRef = 809677282D088F9400AD897B /* uneven_lighting_net_20190808.bin */; };
		809677622D088F9400AD897B /* YMK_Davinci_20200512_fp16.mnn in Resources */ = {isa = PBXBuildFile; fileRef = 809677292D088F9400AD897B /* YMK_Davinci_20200512_fp16.mnn */; };
		809677632D088F9400AD897B /* YMK_Davinci_20200512_fp16.mnn in Resources */ = {isa = PBXBuildFile; fileRef = 809677292D088F9400AD897B /* YMK_Davinci_20200512_fp16.mnn */; };
		809677642D088F9400AD897B /* YMK_Venus_20210709_fp16_alignmodel.mnn in Resources */ = {isa = PBXBuildFile; fileRef = 8096772A2D088F9400AD897B /* YMK_Venus_20210709_fp16_alignmodel.mnn */; };
		809677652D088F9400AD897B /* YMK_Venus_20210709_fp16_alignmodel.mnn in Resources */ = {isa = PBXBuildFile; fileRef = 8096772A2D088F9400AD897B /* YMK_Venus_20210709_fp16_alignmodel.mnn */; };
		809677672D08F51800AD897B /* config.json in Resources */ = {isa = PBXBuildFile; fileRef = 809677662D08F51800AD897B /* config.json */; };
		97C146FC1CF9000F007C117D /* Main.storyboard in Resources */ = {isa = PBXBuildFile; fileRef = 97C146FA1CF9000F007C117D /* Main.storyboard */; };
		97C146FE1CF9000F007C117D /* Assets.xcassets in Resources */ = {isa = PBXBuildFile; fileRef = 97C146FD1CF9000F007C117D /* Assets.xcassets */; };
		97C147011CF9000F007C117D /* LaunchScreen.storyboard in Resources */ = {isa = PBXBuildFile; fileRef = 97C146FF1CF9000F007C117D /* LaunchScreen.storyboard */; };
		A8579CD36107640449D3FED7 /* Pods_Runner.framework in Frameworks */ = {isa = PBXBuildFile; fileRef = 04F3173155D7FC6B93FEEFDA /* Pods_Runner.framework */; };
/* End PBXBuildFile section */

/* Begin PBXContainerItemProxy section */
		331C8085294A63A400263BE5 /* PBXContainerItemProxy */ = {
			isa = PBXContainerItemProxy;
			containerPortal = 97C146E61CF9000F007C117D /* Project object */;
			proxyType = 1;
			remoteGlobalIDString = 97C146ED1CF9000F007C117D;
			remoteInfo = Runner;
		};
/* End PBXContainerItemProxy section */

/* Begin PBXFileReference section */
		04F3173155D7FC6B93FEEFDA /* Pods_Runner.framework */ = {isa = PBXFileReference; explicitFileType = wrapper.framework; includeInIndex = 0; path = Pods_Runner.framework; sourceTree = BUILT_PRODUCTS_DIR; };
		1498D2321E8E86230040F4C2 /* GeneratedPluginRegistrant.h */ = {isa = PBXFileReference; lastKnownFileType = sourcecode.c.h; path = GeneratedPluginRegistrant.h; sourceTree = "<group>"; };
		1498D2331E8E89220040F4C2 /* GeneratedPluginRegistrant.m */ = {isa = PBXFileReference; fileEncoding = 4; lastKnownFileType = sourcecode.c.objc; path = GeneratedPluginRegistrant.m; sourceTree = "<group>"; };
		282EAF1CEDCDA3B9BE947BF3 /* Pods-RunnerTests.release.xcconfig */ = {isa = PBXFileReference; includeInIndex = 1; lastKnownFileType = text.xcconfig; name = "Pods-RunnerTests.release.xcconfig"; path = "Target Support Files/Pods-RunnerTests/Pods-RunnerTests.release.xcconfig"; sourceTree = "<group>"; };
		3100E7602B736D6B00CC9BB5 /* FLTPerfectLibHandler.swift */ = {isa = PBXFileReference; lastKnownFileType = sourcecode.swift; path = FLTPerfectLibHandler.swift; sourceTree = "<group>"; };
		317981312B6CEDBE0087BB6E /* PerfectLibFaceTrackingPlus.xcframework */ = {isa = PBXFileReference; lastKnownFileType = wrapper.xcframework; path = PerfectLibFaceTrackingPlus.xcframework; sourceTree = "<group>"; };
		317981322B6CEDBE0087BB6E /* PerfectLibRecommendationHandler.xcframework */ = {isa = PBXFileReference; lastKnownFileType = wrapper.xcframework; path = PerfectLibRecommendationHandler.xcframework; sourceTree = "<group>"; };
		317981332B6CEDBE0087BB6E /* PerfectLibSkinCarePlus.xcframework */ = {isa = PBXFileReference; lastKnownFileType = wrapper.xcframework; path = PerfectLibSkinCarePlus.xcframework; sourceTree = "<group>"; };
		317981342B6CEDBE0087BB6E /* PerfectLibHandlerCore.xcframework */ = {isa = PBXFileReference; lastKnownFileType = wrapper.xcframework; path = PerfectLibHandlerCore.xcframework; sourceTree = "<group>"; };
		317981352B6CEDBE0087BB6E /* PerfectLibCore.xcframework */ = {isa = PBXFileReference; lastKnownFileType = wrapper.xcframework; path = PerfectLibCore.xcframework; sourceTree = "<group>"; };
		317981452B6CEECC0087BB6E /* FLTSkinCarePlugin.swift */ = {isa = PBXFileReference; fileEncoding = 4; lastKnownFileType = sourcecode.swift; path = FLTSkinCarePlugin.swift; sourceTree = "<group>"; };
		317981472B6CEECC0087BB6E /* FLTSkincareCamView.swift */ = {isa = PBXFileReference; fileEncoding = 4; lastKnownFileType = sourcecode.swift; path = FLTSkincareCamView.swift; sourceTree = "<group>"; };
		317981492B6CEECC0087BB6E /* SynchronousTool.swift */ = {isa = PBXFileReference; fileEncoding = 4; lastKnownFileType = sourcecode.swift; path = SynchronousTool.swift; sourceTree = "<group>"; };
		331C807B294A618700263BE5 /* RunnerTests.swift */ = {isa = PBXFileReference; lastKnownFileType = sourcecode.swift; path = RunnerTests.swift; sourceTree = "<group>"; };
		331C8081294A63A400263BE5 /* RunnerTests.xctest */ = {isa = PBXFileReference; explicitFileType = wrapper.cfbundle; includeInIndex = 0; path = RunnerTests.xctest; sourceTree = BUILT_PRODUCTS_DIR; };
		3B3967151E833CAA004F5970 /* AppFrameworkInfo.plist */ = {isa = PBXFileReference; fileEncoding = 4; lastKnownFileType = text.plist.xml; name = AppFrameworkInfo.plist; path = Flutter/AppFrameworkInfo.plist; sourceTree = "<group>"; };
		4874D9DBF24D30F5D5DAF235 /* Pods-Runner.profile.xcconfig */ = {isa = PBXFileReference; includeInIndex = 1; lastKnownFileType = text.xcconfig; name = "Pods-Runner.profile.xcconfig"; path = "Target Support Files/Pods-Runner/Pods-Runner.profile.xcconfig"; sourceTree = "<group>"; };
		5FECD758A1994293B648EF6D /* Pods-Runner.release.xcconfig */ = {isa = PBXFileReference; includeInIndex = 1; lastKnownFileType = text.xcconfig; name = "Pods-Runner.release.xcconfig"; path = "Target Support Files/Pods-Runner/Pods-Runner.release.xcconfig"; sourceTree = "<group>"; };
		67CD82F8DEBC6E4F1413B777 /* Pods-Runner.debug.xcconfig */ = {isa = PBXFileReference; includeInIndex = 1; lastKnownFileType = text.xcconfig; name = "Pods-Runner.debug.xcconfig"; path = "Target Support Files/Pods-Runner/Pods-Runner.debug.xcconfig"; sourceTree = "<group>"; };
		69C39A23A19183F12747C736 /* Pods-RunnerTests.debug.xcconfig */ = {isa = PBXFileReference; includeInIndex = 1; lastKnownFileType = text.xcconfig; name = "Pods-RunnerTests.debug.xcconfig"; path = "Target Support Files/Pods-RunnerTests/Pods-RunnerTests.debug.xcconfig"; sourceTree = "<group>"; };
		74858FAD1ED2DC5600515810 /* Runner-Bridging-Header.h */ = {isa = PBXFileReference; lastKnownFileType = sourcecode.c.h; path = "Runner-Bridging-Header.h"; sourceTree = "<group>"; };
		74858FAE1ED2DC5600515810 /* AppDelegate.swift */ = {isa = PBXFileReference; fileEncoding = 4; lastKnownFileType = sourcecode.swift; path = AppDelegate.swift; sourceTree = "<group>"; };
		7AFA3C8E1D35360C0083082E /* Release.xcconfig */ = {isa = PBXFileReference; lastKnownFileType = text.xcconfig; name = Release.xcconfig; path = Flutter/Release.xcconfig; sourceTree = "<group>"; };
		806AC2882DB7D93200DF34A8 /* Runner.entitlements */ = {isa = PBXFileReference; lastKnownFileType = text.plist.entitlements; path = Runner.entitlements; sourceTree = "<group>"; };
		809677022D088F7C00AD897B /* PerfectLibHandlerCore.xcframework */ = {isa = PBXFileReference; lastKnownFileType = wrapper.xcframework; path = PerfectLibHandlerCore.xcframework; sourceTree = "<group>"; };
		809677032D088F7D00AD897B /* PerfectLibCore.xcframework */ = {isa = PBXFileReference; lastKnownFileType = wrapper.xcframework; path = PerfectLibCore.xcframework; sourceTree = "<group>"; };
		809677042D088F7E00AD897B /* PerfectLibRecommendationHandler.xcframework */ = {isa = PBXFileReference; lastKnownFileType = wrapper.xcframework; path = PerfectLibRecommendationHandler.xcframework; sourceTree = "<group>"; };
		809677052D088F7E00AD897B /* PerfectLibSkinCarePlus.xcframework */ = {isa = PBXFileReference; lastKnownFileType = wrapper.xcframework; path = PerfectLibSkinCarePlus.xcframework; sourceTree = "<group>"; };
		809677062D088F7F00AD897B /* PerfectLibFaceTrackingPlus.xcframework */ = {isa = PBXFileReference; lastKnownFileType = wrapper.xcframework; path = PerfectLibFaceTrackingPlus.xcframework; sourceTree = "<group>"; };
		809677072D088F7F00AD897B /* CoreMotion.framework */ = {isa = PBXFileReference; lastKnownFileType = wrapper.framework; name = CoreMotion.framework; path = System/Library/Frameworks/CoreMotion.framework; sourceTree = SDKROOT; };
		8096770E2D088F9400AD897B /* acne_20210507_blackhead.mnn */ = {isa = PBXFileReference; lastKnownFileType = file; path = acne_20210507_blackhead.mnn; sourceTree = "<group>"; };
		8096770F2D088F9400AD897B /* acne_20210507_inflammatory.mnn */ = {isa = PBXFileReference; lastKnownFileType = file; path = acne_20210507_inflammatory.mnn; sourceTree = "<group>"; };
		809677102D088F9400AD897B /* acne_20210507_whitehead.mnn */ = {isa = PBXFileReference; lastKnownFileType = file; path = acne_20210507_whitehead.mnn; sourceTree = "<group>"; };
		809677112D088F9400AD897B /* acne_exclude_hair_20210803.mnn */ = {isa = PBXFileReference; lastKnownFileType = file; path = acne_exclude_hair_20210803.mnn; sourceTree = "<group>"; };
		809677122D088F9400AD897B /* backlighting_net_20190808.bin */ = {isa = PBXFileReference; lastKnownFileType = archive.macbinary; path = backlighting_net_20190808.bin; sourceTree = "<group>"; };
		809677132D088F9400AD897B /* exposure_net_20190808.bin */ = {isa = PBXFileReference; lastKnownFileType = archive.macbinary; path = exposure_net_20190808.bin; sourceTree = "<group>"; };
		809677142D088F9400AD897B /* faceart_20240812.model */ = {isa = PBXFileReference; lastKnownFileType = file; path = faceart_20240812.model; sourceTree = "<group>"; };
		809677152D088F9400AD897B /* pose_20180530.mtnet */ = {isa = PBXFileReference; lastKnownFileType = file; path = pose_20180530.mtnet; sourceTree = "<group>"; };
		809677162D088F9400AD897B /* skin_age_model_20221209.mnn */ = {isa = PBXFileReference; lastKnownFileType = file; path = skin_age_model_20221209.mnn; sourceTree = "<group>"; };
		809677172D088F9400AD897B /* skin_age_spot_model_20200529.mnn */ = {isa = PBXFileReference; lastKnownFileType = file; path = skin_age_spot_model_20200529.mnn; sourceTree = "<group>"; };
		809677182D088F9400AD897B /* skin_dark_circle_model_20200308.mnn */ = {isa = PBXFileReference; lastKnownFileType = file; path = skin_dark_circle_model_20200308.mnn; sourceTree = "<group>"; };
		809677192D088F9400AD897B /* skin_dark_circle_v2_model_20210115.mnn */ = {isa = PBXFileReference; lastKnownFileType = file; path = skin_dark_circle_v2_model_20210115.mnn; sourceTree = "<group>"; };
		8096771A2D088F9400AD897B /* skin_eye_bag_model_20200617.mnn */ = {isa = PBXFileReference; lastKnownFileType = file; path = skin_eye_bag_model_20200617.mnn; sourceTree = "<group>"; };
		8096771B2D088F9400AD897B /* skin_map_model_20200506.mnn */ = {isa = PBXFileReference; lastKnownFileType = file; path = skin_map_model_20200506.mnn; sourceTree = "<group>"; };
		8096771C2D088F9400AD897B /* skin_moisture_model_20200603.mnn */ = {isa = PBXFileReference; lastKnownFileType = file; path = skin_moisture_model_20200603.mnn; sourceTree = "<group>"; };
		8096771D2D088F9400AD897B /* skin_oiliness_model_20200616.mnn */ = {isa = PBXFileReference; lastKnownFileType = file; path = skin_oiliness_model_20200616.mnn; sourceTree = "<group>"; };
		8096771E2D088F9400AD897B /* skin_pore_model_20230410.mnn */ = {isa = PBXFileReference; lastKnownFileType = file; path = skin_pore_model_20230410.mnn; sourceTree = "<group>"; };
		8096771F2D088F9400AD897B /* skin_radiance_model_20210504.mnn */ = {isa = PBXFileReference; lastKnownFileType = file; path = skin_radiance_model_20210504.mnn; sourceTree = "<group>"; };
		809677202D088F9400AD897B /* skin_redness_model_20210129.mnn */ = {isa = PBXFileReference; lastKnownFileType = file; path = skin_redness_model_20210129.mnn; sourceTree = "<group>"; };
		809677212D088F9400AD897B /* skin_sag_contour_model_20200909.mnn */ = {isa = PBXFileReference; lastKnownFileType = file; path = skin_sag_contour_model_20200909.mnn; sourceTree = "<group>"; };
		809677222D088F9400AD897B /* skin_sag_eye_model_20200909.mnn */ = {isa = PBXFileReference; lastKnownFileType = file; path = skin_sag_eye_model_20200909.mnn; sourceTree = "<group>"; };
		809677232D088F9400AD897B /* skin_spot_model_20200518.mnn */ = {isa = PBXFileReference; lastKnownFileType = file; path = skin_spot_model_20200518.mnn; sourceTree = "<group>"; };
		809677242D088F9400AD897B /* skin_texture_model_20200122.mnn */ = {isa = PBXFileReference; lastKnownFileType = file; path = skin_texture_model_20200122.mnn; sourceTree = "<group>"; };
		809677252D088F9400AD897B /* skin_texture_stream_model_20200515.mnn */ = {isa = PBXFileReference; lastKnownFileType = file; path = skin_texture_stream_model_20200515.mnn; sourceTree = "<group>"; };
		809677262D088F9400AD897B /* skin_wrinkle_model_20210322.mnn */ = {isa = PBXFileReference; lastKnownFileType = file; path = skin_wrinkle_model_20210322.mnn; sourceTree = "<group>"; };
		809677272D088F9400AD897B /* skin_wrinkle_removal_model_20210427.mnn */ = {isa = PBXFileReference; lastKnownFileType = file; path = skin_wrinkle_removal_model_20210427.mnn; sourceTree = "<group>"; };
		809677282D088F9400AD897B /* uneven_lighting_net_20190808.bin */ = {isa = PBXFileReference; lastKnownFileType = archive.macbinary; path = uneven_lighting_net_20190808.bin; sourceTree = "<group>"; };
		809677292D088F9400AD897B /* YMK_Davinci_20200512_fp16.mnn */ = {isa = PBXFileReference; lastKnownFileType = file; path = YMK_Davinci_20200512_fp16.mnn; sourceTree = "<group>"; };
		8096772A2D088F9400AD897B /* YMK_Venus_20210709_fp16_alignmodel.mnn */ = {isa = PBXFileReference; lastKnownFileType = file; path = YMK_Venus_20210709_fp16_alignmodel.mnn; sourceTree = "<group>"; };
		809677662D08F51800AD897B /* config.json */ = {isa = PBXFileReference; fileEncoding = 4; lastKnownFileType = text.json; name = config.json; path = ../../android/app/src/main/assets/perfectlib/config.json; sourceTree = "<group>"; };
		8D4F706D05C13D16E1504C72 /* Pods_RunnerTests.framework */ = {isa = PBXFileReference; explicitFileType = wrapper.framework; includeInIndex = 0; path = Pods_RunnerTests.framework; sourceTree = BUILT_PRODUCTS_DIR; };
		9740EEB21CF90195004384FC /* Debug.xcconfig */ = {isa = PBXFileReference; fileEncoding = 4; lastKnownFileType = text.xcconfig; name = Debug.xcconfig; path = Flutter/Debug.xcconfig; sourceTree = "<group>"; };
		9740EEB31CF90195004384FC /* Generated.xcconfig */ = {isa = PBXFileReference; fileEncoding = 4; lastKnownFileType = text.xcconfig; name = Generated.xcconfig; path = Flutter/Generated.xcconfig; sourceTree = "<group>"; };
		97C146EE1CF9000F007C117D /* Runner.app */ = {isa = PBXFileReference; explicitFileType = wrapper.application; includeInIndex = 0; path = Runner.app; sourceTree = BUILT_PRODUCTS_DIR; };
		97C146FB1CF9000F007C117D /* Base */ = {isa = PBXFileReference; lastKnownFileType = file.storyboard; name = Base; path = Base.lproj/Main.storyboard; sourceTree = "<group>"; };
		97C146FD1CF9000F007C117D /* Assets.xcassets */ = {isa = PBXFileReference; lastKnownFileType = folder.assetcatalog; path = Assets.xcassets; sourceTree = "<group>"; };
		97C147001CF9000F007C117D /* Base */ = {isa = PBXFileReference; lastKnownFileType = file.storyboard; name = Base; path = Base.lproj/LaunchScreen.storyboard; sourceTree = "<group>"; };
		97C147021CF9000F007C117D /* Info.plist */ = {isa = PBXFileReference; lastKnownFileType = text.plist.xml; path = Info.plist; sourceTree = "<group>"; };
		AC57F8EF8767F21C838FDC49 /* Pods-RunnerTests.profile.xcconfig */ = {isa = PBXFileReference; includeInIndex = 1; lastKnownFileType = text.xcconfig; name = "Pods-RunnerTests.profile.xcconfig"; path = "Target Support Files/Pods-RunnerTests/Pods-RunnerTests.profile.xcconfig"; sourceTree = "<group>"; };
/* End PBXFileReference section */

/* Begin PBXFrameworksBuildPhase section */
		807D08985E59D9D0A46CFDD9 /* Frameworks */ = {
			isa = PBXFrameworksBuildPhase;
			buildActionMask = 2147483647;
			files = (
				2213E26BF7659C22F4622110 /* Pods_RunnerTests.framework in Frameworks */,
			);
			runOnlyForDeploymentPostprocessing = 0;
		};
		97C146EB1CF9000F007C117D /* Frameworks */ = {
			isa = PBXFrameworksBuildPhase;
			buildActionMask = 2147483647;
			files = (
				809677092D088F7F00AD897B /* PerfectLibCore.xcframework in Frameworks */,
				8096770B2D088F7F00AD897B /* PerfectLibSkinCarePlus.xcframework in Frameworks */,
				8096770D2D088F7F00AD897B /* CoreMotion.framework in Frameworks */,
				A8579CD36107640449D3FED7 /* Pods_Runner.framework in Frameworks */,
				809677082D088F7F00AD897B /* PerfectLibHandlerCore.xcframework in Frameworks */,
				317981362B6CEDBE0087BB6E /* PerfectLibFaceTrackingPlus.xcframework in Frameworks */,
				8096770A2D088F7F00AD897B /* PerfectLibRecommendationHandler.xcframework in Frameworks */,
			);
			runOnlyForDeploymentPostprocessing = 0;
		};
/* End PBXFrameworksBuildPhase section */

/* Begin PBXGroup section */
		317981442B6CEECC0087BB6E /* PerfectLibWrapper */ = {
			isa = PBXGroup;
			children = (
				3100E7602B736D6B00CC9BB5 /* FLTPerfectLibHandler.swift */,
				317981452B6CEECC0087BB6E /* FLTSkinCarePlugin.swift */,
				317981472B6CEECC0087BB6E /* FLTSkincareCamView.swift */,
				317981492B6CEECC0087BB6E /* SynchronousTool.swift */,
			);
			path = PerfectLibWrapper;
			sourceTree = SOURCE_ROOT;
		};
		331C8082294A63A400263BE5 /* RunnerTests */ = {
			isa = PBXGroup;
			children = (
				331C807B294A618700263BE5 /* RunnerTests.swift */,
			);
			path = RunnerTests;
			sourceTree = "<group>";
		};
		748C05DE57D568E56C8ACC00 /* Frameworks */ = {
			isa = PBXGroup;
			children = (
				809677072D088F7F00AD897B /* CoreMotion.framework */,
				317981352B6CEDBE0087BB6E /* PerfectLibCore.xcframework */,
				317981312B6CEDBE0087BB6E /* PerfectLibFaceTrackingPlus.xcframework */,
				809677032D088F7D00AD897B /* PerfectLibCore.xcframework */,
				809677062D088F7F00AD897B /* PerfectLibFaceTrackingPlus.xcframework */,
				317981342B6CEDBE0087BB6E /* PerfectLibHandlerCore.xcframework */,
				317981322B6CEDBE0087BB6E /* PerfectLibRecommendationHandler.xcframework */,
				317981332B6CEDBE0087BB6E /* PerfectLibSkinCarePlus.xcframework */,
				809677022D088F7C00AD897B /* PerfectLibHandlerCore.xcframework */,
				809677042D088F7E00AD897B /* PerfectLibRecommendationHandler.xcframework */,
				809677052D088F7E00AD897B /* PerfectLibSkinCarePlus.xcframework */,
				04F3173155D7FC6B93FEEFDA /* Pods_Runner.framework */,
				8D4F706D05C13D16E1504C72 /* Pods_RunnerTests.framework */,
			);
			name = Frameworks;
			sourceTree = "<group>";
		};
		8096772B2D088F9400AD897B /* model */ = {
			isa = PBXGroup;
			children = (
				8096770E2D088F9400AD897B /* acne_20210507_blackhead.mnn */,
				8096770F2D088F9400AD897B /* acne_20210507_inflammatory.mnn */,
				809677102D088F9400AD897B /* acne_20210507_whitehead.mnn */,
				809677112D088F9400AD897B /* acne_exclude_hair_20210803.mnn */,
				809677122D088F9400AD897B /* backlighting_net_20190808.bin */,
				809677132D088F9400AD897B /* exposure_net_20190808.bin */,
				809677142D088F9400AD897B /* faceart_20240812.model */,
				809677152D088F9400AD897B /* pose_20180530.mtnet */,
				809677162D088F9400AD897B /* skin_age_model_20221209.mnn */,
				809677172D088F9400AD897B /* skin_age_spot_model_20200529.mnn */,
				809677182D088F9400AD897B /* skin_dark_circle_model_20200308.mnn */,
				809677192D088F9400AD897B /* skin_dark_circle_v2_model_20210115.mnn */,
				8096771A2D088F9400AD897B /* skin_eye_bag_model_20200617.mnn */,
				8096771B2D088F9400AD897B /* skin_map_model_20200506.mnn */,
				8096771C2D088F9400AD897B /* skin_moisture_model_20200603.mnn */,
				8096771D2D088F9400AD897B /* skin_oiliness_model_20200616.mnn */,
				8096771E2D088F9400AD897B /* skin_pore_model_20230410.mnn */,
				8096771F2D088F9400AD897B /* skin_radiance_model_20210504.mnn */,
				809677202D088F9400AD897B /* skin_redness_model_20210129.mnn */,
				809677212D088F9400AD897B /* skin_sag_contour_model_20200909.mnn */,
				809677222D088F9400AD897B /* skin_sag_eye_model_20200909.mnn */,
				809677232D088F9400AD897B /* skin_spot_model_20200518.mnn */,
				809677242D088F9400AD897B /* skin_texture_model_20200122.mnn */,
				809677252D088F9400AD897B /* skin_texture_stream_model_20200515.mnn */,
				809677262D088F9400AD897B /* skin_wrinkle_model_20210322.mnn */,
				809677272D088F9400AD897B /* skin_wrinkle_removal_model_20210427.mnn */,
				809677282D088F9400AD897B /* uneven_lighting_net_20190808.bin */,
				809677292D088F9400AD897B /* YMK_Davinci_20200512_fp16.mnn */,
				8096772A2D088F9400AD897B /* YMK_Venus_20210709_fp16_alignmodel.mnn */,
			);
			path = model;
			sourceTree = "<group>";
		};
		9740EEB11CF90186004384FC /* Flutter */ = {
			isa = PBXGroup;
			children = (
				3B3967151E833CAA004F5970 /* AppFrameworkInfo.plist */,
				9740EEB21CF90195004384FC /* Debug.xcconfig */,
				7AFA3C8E1D35360C0083082E /* Release.xcconfig */,
				9740EEB31CF90195004384FC /* Generated.xcconfig */,
			);
			name = Flutter;
			sourceTree = "<group>";
		};
		97C146E51CF9000F007C117D = {
			isa = PBXGroup;
			children = (
				9740EEB11CF90186004384FC /* Flutter */,
				97C146F01CF9000F007C117D /* Runner */,
				97C146EF1CF9000F007C117D /* Products */,
				331C8082294A63A400263BE5 /* RunnerTests */,
				C306400537CD3609DC87080C /* Pods */,
				748C05DE57D568E56C8ACC00 /* Frameworks */,
			);
			sourceTree = "<group>";
		};
		97C146EF1CF9000F007C117D /* Products */ = {
			isa = PBXGroup;
			children = (
				97C146EE1CF9000F007C117D /* Runner.app */,
				331C8081294A63A400263BE5 /* RunnerTests.xctest */,
			);
			name = Products;
			sourceTree = "<group>";
		};
		97C146F01CF9000F007C117D /* Runner */ = {
			isa = PBXGroup;
			children = (
				806AC2882DB7D93200DF34A8 /* Runner.entitlements */,
				809677662D08F51800AD897B /* config.json */,
				8096772B2D088F9400AD897B /* model */,
				317981442B6CEECC0087BB6E /* PerfectLibWrapper */,
				97C146FA1CF9000F007C117D /* Main.storyboard */,
				97C146FD1CF9000F007C117D /* Assets.xcassets */,
				97C146FF1CF9000F007C117D /* LaunchScreen.storyboard */,
				97C147021CF9000F007C117D /* Info.plist */,
				1498D2321E8E86230040F4C2 /* GeneratedPluginRegistrant.h */,
				1498D2331E8E89220040F4C2 /* GeneratedPluginRegistrant.m */,
				74858FAE1ED2DC5600515810 /* AppDelegate.swift */,
				74858FAD1ED2DC5600515810 /* Runner-Bridging-Header.h */,
			);
			path = Runner;
			sourceTree = "<group>";
		};
		C306400537CD3609DC87080C /* Pods */ = {
			isa = PBXGroup;
			children = (
				67CD82F8DEBC6E4F1413B777 /* Pods-Runner.debug.xcconfig */,
				5FECD758A1994293B648EF6D /* Pods-Runner.release.xcconfig */,
				4874D9DBF24D30F5D5DAF235 /* Pods-Runner.profile.xcconfig */,
				69C39A23A19183F12747C736 /* Pods-RunnerTests.debug.xcconfig */,
				282EAF1CEDCDA3B9BE947BF3 /* Pods-RunnerTests.release.xcconfig */,
				AC57F8EF8767F21C838FDC49 /* Pods-RunnerTests.profile.xcconfig */,
			);
			path = Pods;
			sourceTree = "<group>";
		};
/* End PBXGroup section */

/* Begin PBXNativeTarget section */
		331C8080294A63A400263BE5 /* RunnerTests */ = {
			isa = PBXNativeTarget;
			buildConfigurationList = 331C8087294A63A400263BE5 /* Build configuration list for PBXNativeTarget "RunnerTests" */;
			buildPhases = (
				B2E8906366B5165AD37DE0A0 /* [CP] Check Pods Manifest.lock */,
				331C807D294A63A400263BE5 /* Sources */,
				331C807F294A63A400263BE5 /* Resources */,
				807D08985E59D9D0A46CFDD9 /* Frameworks */,
			);
			buildRules = (
			);
			dependencies = (
				331C8086294A63A400263BE5 /* PBXTargetDependency */,
			);
			name = RunnerTests;
			productName = RunnerTests;
			productReference = 331C8081294A63A400263BE5 /* RunnerTests.xctest */;
			productType = "com.apple.product-type.bundle.unit-test";
		};
		97C146ED1CF9000F007C117D /* Runner */ = {
			isa = PBXNativeTarget;
			buildConfigurationList = 97C147051CF9000F007C117D /* Build configuration list for PBXNativeTarget "Runner" */;
			buildPhases = (
				5F0C132D734474BC3257AF12 /* [CP] Check Pods Manifest.lock */,
				9740EEB61CF901F6004384FC /* Run Script */,
				97C146EA1CF9000F007C117D /* Sources */,
				97C146EB1CF9000F007C117D /* Frameworks */,
				97C146EC1CF9000F007C117D /* Resources */,
				3B06AD1E1E4923F5004D2608 /* Thin Binary */,
				1EA5433DC378AC66E5510FB6 /* [CP] Embed Pods Frameworks */,
				9FEA73D008D76C13C1D627A5 /* [CP] Copy Pods Resources */,
			);
			buildRules = (
			);
			dependencies = (
			);
			name = Runner;
			productName = Runner;
			productReference = 97C146EE1CF9000F007C117D /* Runner.app */;
			productType = "com.apple.product-type.application";
		};
/* End PBXNativeTarget section */

/* Begin PBXProject section */
		97C146E61CF9000F007C117D /* Project object */ = {
			isa = PBXProject;
			attributes = {
				BuildIndependentTargetsInParallel = YES;
				LastUpgradeCheck = 1510;
				ORGANIZATIONNAME = "";
				TargetAttributes = {
					331C8080294A63A400263BE5 = {
						CreatedOnToolsVersion = 14.0;
						TestTargetID = 97C146ED1CF9000F007C117D;
					};
					97C146ED1CF9000F007C117D = {
						CreatedOnToolsVersion = 7.3.1;
						LastSwiftMigration = 1100;
					};
				};
			};
			buildConfigurationList = 97C146E91CF9000F007C117D /* Build configuration list for PBXProject "Runner" */;
			compatibilityVersion = "Xcode 9.3";
			developmentRegion = en;
			hasScannedForEncodings = 0;
			knownRegions = (
				en,
				Base,
			);
			mainGroup = 97C146E51CF9000F007C117D;
			productRefGroup = 97C146EF1CF9000F007C117D /* Products */;
			projectDirPath = "";
			projectRoot = "";
			targets = (
				97C146ED1CF9000F007C117D /* Runner */,
				331C8080294A63A400263BE5 /* RunnerTests */,
			);
		};
/* End PBXProject section */

/* Begin PBXResourcesBuildPhase section */
		331C807F294A63A400263BE5 /* Resources */ = {
			isa = PBXResourcesBuildPhase;
			buildActionMask = 2147483647;
			files = (
				8096772F2D088F9400AD897B /* acne_20210507_inflammatory.mnn in Resources */,
				809677312D088F9400AD897B /* acne_20210507_whitehead.mnn in Resources */,
				8096774B2D088F9400AD897B /* skin_oiliness_model_20200616.mnn in Resources */,
				8096773B2D088F9400AD897B /* pose_20180530.mtnet in Resources */,
				809677372D088F9400AD897B /* exposure_net_20190808.bin in Resources */,
				8096775D2D088F9400AD897B /* skin_wrinkle_model_20210322.mnn in Resources */,
				8096774D2D088F9400AD897B /* skin_pore_model_20230410.mnn in Resources */,
				809677612D088F9400AD897B /* uneven_lighting_net_20190808.bin in Resources */,
				809677352D088F9400AD897B /* backlighting_net_20190808.bin in Resources */,
				809677632D088F9400AD897B /* YMK_Davinci_20200512_fp16.mnn in Resources */,
				809677532D088F9400AD897B /* skin_sag_contour_model_20200909.mnn in Resources */,
				809677492D088F9400AD897B /* skin_moisture_model_20200603.mnn in Resources */,
				809677592D088F9400AD897B /* skin_texture_model_20200122.mnn in Resources */,
				8096772D2D088F9400AD897B /* acne_20210507_blackhead.mnn in Resources */,
				809677412D088F9400AD897B /* skin_dark_circle_model_20200308.mnn in Resources */,
				8096774F2D088F9400AD897B /* skin_radiance_model_20210504.mnn in Resources */,
				809677452D088F9400AD897B /* skin_eye_bag_model_20200617.mnn in Resources */,
				809677472D088F9400AD897B /* skin_map_model_20200506.mnn in Resources */,
				809677652D088F9400AD897B /* YMK_Venus_20210709_fp16_alignmodel.mnn in Resources */,
				809677572D088F9400AD897B /* skin_spot_model_20200518.mnn in Resources */,
				8096773F2D088F9400AD897B /* skin_age_spot_model_20200529.mnn in Resources */,
				809677392D088F9400AD897B /* faceart_20240812.model in Resources */,
				809677552D088F9400AD897B /* skin_sag_eye_model_20200909.mnn in Resources */,
				8096775B2D088F9400AD897B /* skin_texture_stream_model_20200515.mnn in Resources */,
				809677332D088F9400AD897B /* acne_exclude_hair_20210803.mnn in Resources */,
				809677432D088F9400AD897B /* skin_dark_circle_v2_model_20210115.mnn in Resources */,
				8096773D2D088F9400AD897B /* skin_age_model_20221209.mnn in Resources */,
				8096775F2D088F9400AD897B /* skin_wrinkle_removal_model_20210427.mnn in Resources */,
				809677512D088F9400AD897B /* skin_redness_model_20210129.mnn in Resources */,
			);
			runOnlyForDeploymentPostprocessing = 0;
		};
		97C146EC1CF9000F007C117D /* Resources */ = {
			isa = PBXResourcesBuildPhase;
			buildActionMask = 2147483647;
			files = (
				809677672D08F51800AD897B /* config.json in Resources */,
				809677502D088F9400AD897B /* skin_redness_model_20210129.mnn in Resources */,
				8096773E2D088F9400AD897B /* skin_age_spot_model_20200529.mnn in Resources */,
				809677562D088F9400AD897B /* skin_spot_model_20200518.mnn in Resources */,
				809677342D088F9400AD897B /* backlighting_net_20190808.bin in Resources */,
				8096775E2D088F9400AD897B /* skin_wrinkle_removal_model_20210427.mnn in Resources */,
				809677382D088F9400AD897B /* faceart_20240812.model in Resources */,
				809677542D088F9400AD897B /* skin_sag_eye_model_20200909.mnn in Resources */,
				97C147011CF9000F007C117D /* LaunchScreen.storyboard in Resources */,
				8096775A2D088F9400AD897B /* skin_texture_stream_model_20200515.mnn in Resources */,
				809677622D088F9400AD897B /* YMK_Davinci_20200512_fp16.mnn in Resources */,
				3B3967161E833CAA004F5970 /* AppFrameworkInfo.plist in Resources */,
				809677462D088F9400AD897B /* skin_map_model_20200506.mnn in Resources */,
				8096772C2D088F9400AD897B /* acne_20210507_blackhead.mnn in Resources */,
				809677522D088F9400AD897B /* skin_sag_contour_model_20200909.mnn in Resources */,
				8096773A2D088F9400AD897B /* pose_20180530.mtnet in Resources */,
				809677402D088F9400AD897B /* skin_dark_circle_model_20200308.mnn in Resources */,
				809677602D088F9400AD897B /* uneven_lighting_net_20190808.bin in Resources */,
				97C146FE1CF9000F007C117D /* Assets.xcassets in Resources */,
				8096775C2D088F9400AD897B /* skin_wrinkle_model_20210322.mnn in Resources */,
				809677582D088F9400AD897B /* skin_texture_model_20200122.mnn in Resources */,
				809677422D088F9400AD897B /* skin_dark_circle_v2_model_20210115.mnn in Resources */,
				8096774C2D088F9400AD897B /* skin_pore_model_20230410.mnn in Resources */,
				8096774A2D088F9400AD897B /* skin_oiliness_model_20200616.mnn in Resources */,
				97C146FC1CF9000F007C117D /* Main.storyboard in Resources */,
				809677642D088F9400AD897B /* YMK_Venus_20210709_fp16_alignmodel.mnn in Resources */,
				8096772E2D088F9400AD897B /* acne_20210507_inflammatory.mnn in Resources */,
				809677362D088F9400AD897B /* exposure_net_20190808.bin in Resources */,
				809677442D088F9400AD897B /* skin_eye_bag_model_20200617.mnn in Resources */,
				8096773C2D088F9400AD897B /* skin_age_model_20221209.mnn in Resources */,
				809677302D088F9400AD897B /* acne_20210507_whitehead.mnn in Resources */,
				809677322D088F9400AD897B /* acne_exclude_hair_20210803.mnn in Resources */,
				8096774E2D088F9400AD897B /* skin_radiance_model_20210504.mnn in Resources */,
				809677482D088F9400AD897B /* skin_moisture_model_20200603.mnn in Resources */,
			);
			runOnlyForDeploymentPostprocessing = 0;
		};
/* End PBXResourcesBuildPhase section */

/* Begin PBXShellScriptBuildPhase section */
		1EA5433DC378AC66E5510FB6 /* [CP] Embed Pods Frameworks */ = {
			isa = PBXShellScriptBuildPhase;
			buildActionMask = 2147483647;
			files = (
			);
			inputFileListPaths = (
				"${PODS_ROOT}/Target Support Files/Pods-Runner/Pods-Runner-frameworks-${CONFIGURATION}-input-files.xcfilelist",
			);
			name = "[CP] Embed Pods Frameworks";
			outputFileListPaths = (
				"${PODS_ROOT}/Target Support Files/Pods-Runner/Pods-Runner-frameworks-${CONFIGURATION}-output-files.xcfilelist",
			);
			runOnlyForDeploymentPostprocessing = 0;
			shellPath = /bin/sh;
			shellScript = "\"${PODS_ROOT}/Target Support Files/Pods-Runner/Pods-Runner-frameworks.sh\"\n";
			showEnvVarsInLog = 0;
		};
		3B06AD1E1E4923F5004D2608 /* Thin Binary */ = {
			isa = PBXShellScriptBuildPhase;
			alwaysOutOfDate = 1;
			buildActionMask = 2147483647;
			files = (
			);
			inputPaths = (
				"${TARGET_BUILD_DIR}/${INFOPLIST_PATH}",
			);
			name = "Thin Binary";
			outputPaths = (
			);
			runOnlyForDeploymentPostprocessing = 0;
			shellPath = /bin/sh;
			shellScript = "/bin/sh \"$FLUTTER_ROOT/packages/flutter_tools/bin/xcode_backend.sh\" embed_and_thin\n";
		};
		5F0C132D734474BC3257AF12 /* [CP] Check Pods Manifest.lock */ = {
			isa = PBXShellScriptBuildPhase;
			buildActionMask = 2147483647;
			files = (
			);
			inputFileListPaths = (
			);
			inputPaths = (
				"${PODS_PODFILE_DIR_PATH}/Podfile.lock",
				"${PODS_ROOT}/Manifest.lock",
			);
			name = "[CP] Check Pods Manifest.lock";
			outputFileListPaths = (
			);
			outputPaths = (
				"$(DERIVED_FILE_DIR)/Pods-Runner-checkManifestLockResult.txt",
			);
			runOnlyForDeploymentPostprocessing = 0;
			shellPath = /bin/sh;
			shellScript = "diff \"${PODS_PODFILE_DIR_PATH}/Podfile.lock\" \"${PODS_ROOT}/Manifest.lock\" > /dev/null\nif [ $? != 0 ] ; then\n    # print error to STDERR\n    echo \"error: The sandbox is not in sync with the Podfile.lock. Run 'pod install' or update your CocoaPods installation.\" >&2\n    exit 1\nfi\n# This output is used by Xcode 'outputs' to avoid re-running this script phase.\necho \"SUCCESS\" > \"${SCRIPT_OUTPUT_FILE_0}\"\n";
			showEnvVarsInLog = 0;
		};
		9740EEB61CF901F6004384FC /* Run Script */ = {
			isa = PBXShellScriptBuildPhase;
			alwaysOutOfDate = 1;
			buildActionMask = 2147483647;
			files = (
			);
			inputPaths = (
			);
			name = "Run Script";
			outputPaths = (
			);
			runOnlyForDeploymentPostprocessing = 0;
			shellPath = /bin/sh;
			shellScript = "/bin/sh \"$FLUTTER_ROOT/packages/flutter_tools/bin/xcode_backend.sh\" build\n";
		};
		9FEA73D008D76C13C1D627A5 /* [CP] Copy Pods Resources */ = {
			isa = PBXShellScriptBuildPhase;
			buildActionMask = 2147483647;
			files = (
			);
			inputFileListPaths = (
				"${PODS_ROOT}/Target Support Files/Pods-Runner/Pods-Runner-resources-${CONFIGURATION}-input-files.xcfilelist",
			);
			name = "[CP] Copy Pods Resources";
			outputFileListPaths = (
				"${PODS_ROOT}/Target Support Files/Pods-Runner/Pods-Runner-resources-${CONFIGURATION}-output-files.xcfilelist",
			);
			runOnlyForDeploymentPostprocessing = 0;
			shellPath = /bin/sh;
			shellScript = "\"${PODS_ROOT}/Target Support Files/Pods-Runner/Pods-Runner-resources.sh\"\n";
			showEnvVarsInLog = 0;
		};
		B2E8906366B5165AD37DE0A0 /* [CP] Check Pods Manifest.lock */ = {
			isa = PBXShellScriptBuildPhase;
			buildActionMask = 2147483647;
			files = (
			);
			inputFileListPaths = (
			);
			inputPaths = (
				"${PODS_PODFILE_DIR_PATH}/Podfile.lock",
				"${PODS_ROOT}/Manifest.lock",
			);
			name = "[CP] Check Pods Manifest.lock";
			outputFileListPaths = (
			);
			outputPaths = (
				"$(DERIVED_FILE_DIR)/Pods-RunnerTests-checkManifestLockResult.txt",
			);
			runOnlyForDeploymentPostprocessing = 0;
			shellPath = /bin/sh;
			shellScript = "diff \"${PODS_PODFILE_DIR_PATH}/Podfile.lock\" \"${PODS_ROOT}/Manifest.lock\" > /dev/null\nif [ $? != 0 ] ; then\n    # print error to STDERR\n    echo \"error: The sandbox is not in sync with the Podfile.lock. Run 'pod install' or update your CocoaPods installation.\" >&2\n    exit 1\nfi\n# This output is used by Xcode 'outputs' to avoid re-running this script phase.\necho \"SUCCESS\" > \"${SCRIPT_OUTPUT_FILE_0}\"\n";
			showEnvVarsInLog = 0;
		};
/* End PBXShellScriptBuildPhase section */

/* Begin PBXSourcesBuildPhase section */
		331C807D294A63A400263BE5 /* Sources */ = {
			isa = PBXSourcesBuildPhase;
			buildActionMask = 2147483647;
			files = (
				331C808B294A63AB00263BE5 /* RunnerTests.swift in Sources */,
			);
			runOnlyForDeploymentPostprocessing = 0;
		};
		97C146EA1CF9000F007C117D /* Sources */ = {
			isa = PBXSourcesBuildPhase;
			buildActionMask = 2147483647;
			files = (
				3179814E2B6CEECC0087BB6E /* SynchronousTool.swift in Sources */,
				3179814A2B6CEECC0087BB6E /* FLTSkinCarePlugin.swift in Sources */,
				3179814C2B6CEECC0087BB6E /* FLTSkincareCamView.swift in Sources */,
				74858FAF1ED2DC5600515810 /* AppDelegate.swift in Sources */,
				1498D2341E8E89220040F4C2 /* GeneratedPluginRegistrant.m in Sources */,
				3100E7612B736D6B00CC9BB5 /* FLTPerfectLibHandler.swift in Sources */,
			);
			runOnlyForDeploymentPostprocessing = 0;
		};
/* End PBXSourcesBuildPhase section */

/* Begin PBXTargetDependency section */
		331C8086294A63A400263BE5 /* PBXTargetDependency */ = {
			isa = PBXTargetDependency;
			target = 97C146ED1CF9000F007C117D /* Runner */;
			targetProxy = 331C8085294A63A400263BE5 /* PBXContainerItemProxy */;
		};
/* End PBXTargetDependency section */

/* Begin PBXVariantGroup section */
		97C146FA1CF9000F007C117D /* Main.storyboard */ = {
			isa = PBXVariantGroup;
			children = (
				97C146FB1CF9000F007C117D /* Base */,
			);
			name = Main.storyboard;
			sourceTree = "<group>";
		};
		97C146FF1CF9000F007C117D /* LaunchScreen.storyboard */ = {
			isa = PBXVariantGroup;
			children = (
				97C147001CF9000F007C117D /* Base */,
			);
			name = LaunchScreen.storyboard;
			sourceTree = "<group>";
		};
/* End PBXVariantGroup section */

/* Begin XCBuildConfiguration section */
		249021D3217E4FDB00AE95B9 /* Profile */ = {
			isa = XCBuildConfiguration;
			buildSettings = {
				ALWAYS_SEARCH_USER_PATHS = NO;
				CLANG_ANALYZER_NONNULL = YES;
				CLANG_CXX_LANGUAGE_STANDARD = "gnu++0x";
				CLANG_CXX_LIBRARY = "libc++";
				CLANG_ENABLE_MODULES = YES;
				CLANG_ENABLE_OBJC_ARC = YES;
				CLANG_WARN_BLOCK_CAPTURE_AUTORELEASING = YES;
				CLANG_WARN_BOOL_CONVERSION = YES;
				CLANG_WARN_COMMA = YES;
				CLANG_WARN_CONSTANT_CONVERSION = YES;
				CLANG_WARN_DEPRECATED_OBJC_IMPLEMENTATIONS = YES;
				CLANG_WARN_DIRECT_OBJC_ISA_USAGE = YES_ERROR;
				CLANG_WARN_EMPTY_BODY = YES;
				CLANG_WARN_ENUM_CONVERSION = YES;
				CLANG_WARN_INFINITE_RECURSION = YES;
				CLANG_WARN_INT_CONVERSION = YES;
				CLANG_WARN_NON_LITERAL_NULL_CONVERSION = YES;
				CLANG_WARN_OBJC_IMPLICIT_RETAIN_SELF = YES;
				CLANG_WARN_OBJC_LITERAL_CONVERSION = YES;
				CLANG_WARN_OBJC_ROOT_CLASS = YES_ERROR;
				CLANG_WARN_QUOTED_INCLUDE_IN_FRAMEWORK_HEADER = YES;
				CLANG_WARN_RANGE_LOOP_ANALYSIS = YES;
				CLANG_WARN_STRICT_PROTOTYPES = YES;
				CLANG_WARN_SUSPICIOUS_MOVE = YES;
				CLANG_WARN_UNREACHABLE_CODE = YES;
				CLANG_WARN__DUPLICATE_METHOD_MATCH = YES;
				"CODE_SIGN_IDENTITY[sdk=iphoneos*]" = "iPhone Developer";
				COPY_PHASE_STRIP = NO;
				DEBUG_INFORMATION_FORMAT = "dwarf-with-dsym";
				ENABLE_NS_ASSERTIONS = NO;
				ENABLE_STRICT_OBJC_MSGSEND = YES;
				ENABLE_USER_SCRIPT_SANDBOXING = NO;
				GCC_C_LANGUAGE_STANDARD = gnu99;
				GCC_NO_COMMON_BLOCKS = YES;
				GCC_WARN_64_TO_32_BIT_CONVERSION = YES;
				GCC_WARN_ABOUT_RETURN_TYPE = YES_ERROR;
				GCC_WARN_UNDECLARED_SELECTOR = YES;
				GCC_WARN_UNINITIALIZED_AUTOS = YES_AGGRESSIVE;
				GCC_WARN_UNUSED_FUNCTION = YES;
				GCC_WARN_UNUSED_VARIABLE = YES;
				IPHONEOS_DEPLOYMENT_TARGET = 12.0;
				MTL_ENABLE_DEBUG_INFO = NO;
				SDKROOT = iphoneos;
				SUPPORTED_PLATFORMS = iphoneos;
				TARGETED_DEVICE_FAMILY = "1,2";
				VALIDATE_PRODUCT = YES;
			};
			name = Profile;
		};
		249021D4217E4FDB00AE95B9 /* Profile */ = {
			isa = XCBuildConfiguration;
			baseConfigurationReference = 7AFA3C8E1D35360C0083082E /* Release.xcconfig */;
			buildSettings = {
				ASSETCATALOG_COMPILER_APPICON_NAME = AppIcon;
				CLANG_ENABLE_MODULES = YES;
				CODE_SIGN_ENTITLEMENTS = Runner/Runner.entitlements;
				CODE_SIGN_IDENTITY = "Apple Development";
				"CODE_SIGN_IDENTITY[sdk=iphoneos*]" = "iPhone Distribution";
				CODE_SIGN_STYLE = Manual;
				CURRENT_PROJECT_VERSION = 1;
				DEVELOPMENT_TEAM = "";
				"DEVELOPMENT_TEAM[sdk=iphoneos*]" = PNLA87W3HP;
				ENABLE_BITCODE = NO;
				INFOPLIST_FILE = Runner/Info.plist;
				INFOPLIST_KEY_LSApplicationCategoryType = "public.app-category.shopping";
				IPHONEOS_DEPLOYMENT_TARGET = 12.0;
				LD_RUNPATH_SEARCH_PATHS = (
					"$(inherited)",
					"@executable_path/Frameworks",
				);
				MARKETING_VERSION = 1.1;
				OTHER_LDFLAGS = (
					"$(inherited)",
					"-framework",
					"\"image_picker_ios\"",
					"-ObjC",
					"-lc++",
					"-framework",
					CoreMotion,
				);
				PRODUCT_BUNDLE_IDENTIFIER = com.gomla.store;
				PRODUCT_NAME = "$(TARGET_NAME)";
				PROVISIONING_PROFILE_SPECIFIER = "";
				"PROVISIONING_PROFILE_SPECIFIER[sdk=iphoneos*]" = GoGomlaProfilee;
				SWIFT_OBJC_BRIDGING_HEADER = "Runner/Runner-Bridging-Header.h";
				SWIFT_VERSION = 5.0;
				VERSIONING_SYSTEM = "apple-generic";
			};
			name = Profile;
		};
		331C8088294A63A400263BE5 /* Debug */ = {
			isa = XCBuildConfiguration;
			baseConfigurationReference = 69C39A23A19183F12747C736 /* Pods-RunnerTests.debug.xcconfig */;
			buildSettings = {
				BUNDLE_LOADER = "$(TEST_HOST)";
				CODE_SIGN_STYLE = Automatic;
				CURRENT_PROJECT_VERSION = 1;
				GENERATE_INFOPLIST_FILE = YES;
				MARKETING_VERSION = 1.0;
				PRODUCT_BUNDLE_IDENTIFIER = com.example.skincare.RunnerTests;
				PRODUCT_NAME = "$(TARGET_NAME)";
				SWIFT_ACTIVE_COMPILATION_CONDITIONS = DEBUG;
				SWIFT_OPTIMIZATION_LEVEL = "-Onone";
				SWIFT_VERSION = 5.0;
				TEST_HOST = "$(BUILT_PRODUCTS_DIR)/Runner.app/$(BUNDLE_EXECUTABLE_FOLDER_PATH)/Runner";
			};
			name = Debug;
		};
		331C8089294A63A400263BE5 /* Release */ = {
			isa = XCBuildConfiguration;
			baseConfigurationReference = 282EAF1CEDCDA3B9BE947BF3 /* Pods-RunnerTests.release.xcconfig */;
			buildSettings = {
				BUNDLE_LOADER = "$(TEST_HOST)";
				CODE_SIGN_STYLE = Automatic;
				CURRENT_PROJECT_VERSION = 1;
				GENERATE_INFOPLIST_FILE = YES;
				MARKETING_VERSION = 1.0;
				PRODUCT_BUNDLE_IDENTIFIER = com.example.skincare.RunnerTests;
				PRODUCT_NAME = "$(TARGET_NAME)";
				SWIFT_VERSION = 5.0;
				TEST_HOST = "$(BUILT_PRODUCTS_DIR)/Runner.app/$(BUNDLE_EXECUTABLE_FOLDER_PATH)/Runner";
			};
			name = Release;
		};
		331C808A294A63A400263BE5 /* Profile */ = {
			isa = XCBuildConfiguration;
			baseConfigurationReference = AC57F8EF8767F21C838FDC49 /* Pods-RunnerTests.profile.xcconfig */;
			buildSettings = {
				BUNDLE_LOADER = "$(TEST_HOST)";
				CODE_SIGN_STYLE = Automatic;
				CURRENT_PROJECT_VERSION = 1;
				GENERATE_INFOPLIST_FILE = YES;
				MARKETING_VERSION = 1.0;
				PRODUCT_BUNDLE_IDENTIFIER = com.example.skincare.RunnerTests;
				PRODUCT_NAME = "$(TARGET_NAME)";
				SWIFT_VERSION = 5.0;
				TEST_HOST = "$(BUILT_PRODUCTS_DIR)/Runner.app/$(BUNDLE_EXECUTABLE_FOLDER_PATH)/Runner";
			};
			name = Profile;
		};
		97C147031CF9000F007C117D /* Debug */ = {
			isa = XCBuildConfiguration;
			buildSettings = {
				ALWAYS_SEARCH_USER_PATHS = NO;
				CLANG_ANALYZER_NONNULL = YES;
				CLANG_CXX_LANGUAGE_STANDARD = "gnu++0x";
				CLANG_CXX_LIBRARY = "libc++";
				CLANG_ENABLE_MODULES = YES;
				CLANG_ENABLE_OBJC_ARC = YES;
				CLANG_WARN_BLOCK_CAPTURE_AUTORELEASING = YES;
				CLANG_WARN_BOOL_CONVERSION = YES;
				CLANG_WARN_COMMA = YES;
				CLANG_WARN_CONSTANT_CONVERSION = YES;
				CLANG_WARN_DEPRECATED_OBJC_IMPLEMENTATIONS = YES;
				CLANG_WARN_DIRECT_OBJC_ISA_USAGE = YES_ERROR;
				CLANG_WARN_EMPTY_BODY = YES;
				CLANG_WARN_ENUM_CONVERSION = YES;
				CLANG_WARN_INFINITE_RECURSION = YES;
				CLANG_WARN_INT_CONVERSION = YES;
				CLANG_WARN_NON_LITERAL_NULL_CONVERSION = YES;
				CLANG_WARN_OBJC_IMPLICIT_RETAIN_SELF = YES;
				CLANG_WARN_OBJC_LITERAL_CONVERSION = YES;
				CLANG_WARN_OBJC_ROOT_CLASS = YES_ERROR;
				CLANG_WARN_QUOTED_INCLUDE_IN_FRAMEWORK_HEADER = YES;
				CLANG_WARN_RANGE_LOOP_ANALYSIS = YES;
				CLANG_WARN_STRICT_PROTOTYPES = YES;
				CLANG_WARN_SUSPICIOUS_MOVE = YES;
				CLANG_WARN_UNREACHABLE_CODE = YES;
				CLANG_WARN__DUPLICATE_METHOD_MATCH = YES;
				"CODE_SIGN_IDENTITY[sdk=iphoneos*]" = "iPhone Developer";
				COPY_PHASE_STRIP = NO;
				DEBUG_INFORMATION_FORMAT = dwarf;
				ENABLE_STRICT_OBJC_MSGSEND = YES;
				ENABLE_TESTABILITY = YES;
				ENABLE_USER_SCRIPT_SANDBOXING = NO;
				GCC_C_LANGUAGE_STANDARD = gnu99;
				GCC_DYNAMIC_NO_PIC = NO;
				GCC_NO_COMMON_BLOCKS = YES;
				GCC_OPTIMIZATION_LEVEL = 0;
				GCC_PREPROCESSOR_DEFINITIONS = (
					"DEBUG=1",
					"$(inherited)",
				);
				GCC_WARN_64_TO_32_BIT_CONVERSION = YES;
				GCC_WARN_ABOUT_RETURN_TYPE = YES_ERROR;
				GCC_WARN_UNDECLARED_SELECTOR = YES;
				GCC_WARN_UNINITIALIZED_AUTOS = YES_AGGRESSIVE;
				GCC_WARN_UNUSED_FUNCTION = YES;
				GCC_WARN_UNUSED_VARIABLE = YES;
				IPHONEOS_DEPLOYMENT_TARGET = 12.0;
				MTL_ENABLE_DEBUG_INFO = YES;
				ONLY_ACTIVE_ARCH = YES;
				SDKROOT = iphoneos;
				TARGETED_DEVICE_FAMILY = "1,2";
			};
			name = Debug;
		};
		97C147041CF9000F007C117D /* Release */ = {
			isa = XCBuildConfiguration;
			buildSettings = {
				ALWAYS_SEARCH_USER_PATHS = NO;
				CLANG_ANALYZER_NONNULL = YES;
				CLANG_CXX_LANGUAGE_STANDARD = "gnu++0x";
				CLANG_CXX_LIBRARY = "libc++";
				CLANG_ENABLE_MODULES = YES;
				CLANG_ENABLE_OBJC_ARC = YES;
				CLANG_WARN_BLOCK_CAPTURE_AUTORELEASING = YES;
				CLANG_WARN_BOOL_CONVERSION = YES;
				CLANG_WARN_COMMA = YES;
				CLANG_WARN_CONSTANT_CONVERSION = YES;
				CLANG_WARN_DEPRECATED_OBJC_IMPLEMENTATIONS = YES;
				CLANG_WARN_DIRECT_OBJC_ISA_USAGE = YES_ERROR;
				CLANG_WARN_EMPTY_BODY = YES;
				CLANG_WARN_ENUM_CONVERSION = YES;
				CLANG_WARN_INFINITE_RECURSION = YES;
				CLANG_WARN_INT_CONVERSION = YES;
				CLANG_WARN_NON_LITERAL_NULL_CONVERSION = YES;
				CLANG_WARN_OBJC_IMPLICIT_RETAIN_SELF = YES;
				CLANG_WARN_OBJC_LITERAL_CONVERSION = YES;
				CLANG_WARN_OBJC_ROOT_CLASS = YES_ERROR;
				CLANG_WARN_QUOTED_INCLUDE_IN_FRAMEWORK_HEADER = YES;
				CLANG_WARN_RANGE_LOOP_ANALYSIS = YES;
				CLANG_WARN_STRICT_PROTOTYPES = YES;
				CLANG_WARN_SUSPICIOUS_MOVE = YES;
				CLANG_WARN_UNREACHABLE_CODE = YES;
				CLANG_WARN__DUPLICATE_METHOD_MATCH = YES;
				"CODE_SIGN_IDENTITY[sdk=iphoneos*]" = "iPhone Developer";
				COPY_PHASE_STRIP = NO;
				DEBUG_INFORMATION_FORMAT = "dwarf-with-dsym";
				ENABLE_NS_ASSERTIONS = NO;
				ENABLE_STRICT_OBJC_MSGSEND = YES;
				ENABLE_USER_SCRIPT_SANDBOXING = NO;
				GCC_C_LANGUAGE_STANDARD = gnu99;
				GCC_NO_COMMON_BLOCKS = YES;
				GCC_WARN_64_TO_32_BIT_CONVERSION = YES;
				GCC_WARN_ABOUT_RETURN_TYPE = YES_ERROR;
				GCC_WARN_UNDECLARED_SELECTOR = YES;
				GCC_WARN_UNINITIALIZED_AUTOS = YES_AGGRESSIVE;
				GCC_WARN_UNUSED_FUNCTION = YES;
				GCC_WARN_UNUSED_VARIABLE = YES;
				IPHONEOS_DEPLOYMENT_TARGET = 12.0;
				MTL_ENABLE_DEBUG_INFO = NO;
				SDKROOT = iphoneos;
				SUPPORTED_PLATFORMS = iphoneos;
				SWIFT_COMPILATION_MODE = wholemodule;
				SWIFT_OPTIMIZATION_LEVEL = "-O";
				TARGETED_DEVICE_FAMILY = "1,2";
				VALIDATE_PRODUCT = YES;
			};
			name = Release;
		};
		97C147061CF9000F007C117D /* Debug */ = {
			isa = XCBuildConfiguration;
			baseConfigurationReference = 9740EEB21CF90195004384FC /* Debug.xcconfig */;
			buildSettings = {
				ASSETCATALOG_COMPILER_APPICON_NAME = AppIcon;
				CLANG_ENABLE_MODULES = YES;
				CODE_SIGN_ENTITLEMENTS = Runner/Runner.entitlements;
				CODE_SIGN_IDENTITY = "Apple Development";
				"CODE_SIGN_IDENTITY[sdk=iphoneos*]" = "iPhone Distribution";
				CODE_SIGN_STYLE = Manual;
				CURRENT_PROJECT_VERSION = 1;
				DEVELOPMENT_TEAM = "";
				"DEVELOPMENT_TEAM[sdk=iphoneos*]" = PNLA87W3HP;
				ENABLE_BITCODE = NO;
				INFOPLIST_FILE = Runner/Info.plist;
				INFOPLIST_KEY_LSApplicationCategoryType = "public.app-category.shopping";
				IPHONEOS_DEPLOYMENT_TARGET = 12.0;
				LD_RUNPATH_SEARCH_PATHS = (
					"$(inherited)",
					"@executable_path/Frameworks",
				);
				MARKETING_VERSION = 1.1;
				OTHER_LDFLAGS = (
					"$(inherited)",
					"-framework",
					"\"image_picker_ios\"",
					"-ObjC",
					"-lc++",
					"-framework",
					CoreMotion,
				);
				PRODUCT_BUNDLE_IDENTIFIER = com.gomla.store;
				PRODUCT_NAME = "$(TARGET_NAME)";
				PROVISIONING_PROFILE_SPECIFIER = "";
				"PROVISIONING_PROFILE_SPECIFIER[sdk=iphoneos*]" = GoGomlaProfilee;
				SWIFT_OBJC_BRIDGING_HEADER = "Runner/Runner-Bridging-Header.h";
				SWIFT_OPTIMIZATION_LEVEL = "-Onone";
				SWIFT_VERSION = 5.0;
				VERSIONING_SYSTEM = "apple-generic";
			};
			name = Debug;
		};
		97C147071CF9000F007C117D /* Release */ = {
			isa = XCBuildConfiguration;
			baseConfigurationReference = 7AFA3C8E1D35360C0083082E /* Release.xcconfig */;
			buildSettings = {
				ASSETCATALOG_COMPILER_APPICON_NAME = AppIcon;
				CLANG_ENABLE_MODULES = YES;
				CODE_SIGN_ENTITLEMENTS = Runner/Runner.entitlements;
				CODE_SIGN_IDENTITY = "Apple Development";
				"CODE_SIGN_IDENTITY[sdk=iphoneos*]" = "iPhone Distribution";
				CODE_SIGN_STYLE = Manual;
				CURRENT_PROJECT_VERSION = 1;
				DEVELOPMENT_TEAM = "";
				"DEVELOPMENT_TEAM[sdk=iphoneos*]" = PNLA87W3HP;
				ENABLE_BITCODE = NO;
				INFOPLIST_FILE = Runner/Info.plist;
				INFOPLIST_KEY_LSApplicationCategoryType = "public.app-category.shopping";
				IPHONEOS_DEPLOYMENT_TARGET = 12.0;
				LD_RUNPATH_SEARCH_PATHS = (
					"$(inherited)",
					"@executable_path/Frameworks",
				);
				MARKETING_VERSION = 1.1;
				OTHER_LDFLAGS = (
					"$(inherited)",
					"-framework",
					"\"image_picker_ios\"",
					"-ObjC",
					"-lc++",
					"-framework",
					CoreMotion,
				);
				PRODUCT_BUNDLE_IDENTIFIER = com.gomla.store;
				PRODUCT_NAME = "$(TARGET_NAME)";
				PROVISIONING_PROFILE_SPECIFIER = "";
				"PROVISIONING_PROFILE_SPECIFIER[sdk=iphoneos*]" = GoGomlaProfilee;
				SWIFT_OBJC_BRIDGING_HEADER = "Runner/Runner-Bridging-Header.h";
				SWIFT_VERSION = 5.0;
				VERSIONING_SYSTEM = "apple-generic";
			};
			name = Release;
		};
/* End XCBuildConfiguration section */

/* Begin XCConfigurationList section */
		331C8087294A63A400263BE5 /* Build configuration list for PBXNativeTarget "RunnerTests" */ = {
			isa = XCConfigurationList;
			buildConfigurations = (
				331C8088294A63A400263BE5 /* Debug */,
				331C8089294A63A400263BE5 /* Release */,
				331C808A294A63A400263BE5 /* Profile */,
			);
			defaultConfigurationIsVisible = 0;
			defaultConfigurationName = Release;
		};
		97C146E91CF9000F007C117D /* Build configuration list for PBXProject "Runner" */ = {
			isa = XCConfigurationList;
			buildConfigurations = (
				97C147031CF9000F007C117D /* Debug */,
				97C147041CF9000F007C117D /* Release */,
				249021D3217E4FDB00AE95B9 /* Profile */,
			);
			defaultConfigurationIsVisible = 0;
			defaultConfigurationName = Release;
		};
		97C147051CF9000F007C117D /* Build configuration list for PBXNativeTarget "Runner" */ = {
			isa = XCConfigurationList;
			buildConfigurations = (
				97C147061CF9000F007C117D /* Debug */,
				97C147071CF9000F007C117D /* Release */,
				249021D4217E4FDB00AE95B9 /* Profile */,
			);
			defaultConfigurationIsVisible = 0;
			defaultConfigurationName = Release;
		};
/* End XCConfigurationList section */
	};
	rootObject = 97C146E61CF9000F007C117D /* Project object */;
}
